
Microsoft Visual Studio Solution File, Format Version 12.00
# Visual Studio Version 17
VisualStudioVersion = 17.0.31903.59
MinimumVisualStudioVersion = 10.0.40219.1
Project("{FAE04EC0-301F-11D3-BF4B-00C04F79EFBC}") = "DailyDashboard.Domain", "DailyDashboard.Domain\DailyDashboard.Domain.csproj", "{C3BEC451-7F3F-452D-9C4E-A3FC40AD843E}"
EndProject
Project("{FAE04EC0-301F-11D3-BF4B-00C04F79EFBC}") = "DailyDashboard.Application", "DailyDashboard.Application\DailyDashboard.Application.csproj", "{92795F31-D588-4BA6-913D-048C749A77CA}"
EndProject
Project("{FAE04EC0-301F-11D3-BF4B-00C04F79EFBC}") = "DailyDashboard.Infrastructure", "DailyDashboard.Infrastructure\DailyDashboard.Infrastructure.csproj", "{6E69B352-FFB9-4D85-9588-E7854A088A1F}"
EndProject
Project("{FAE04EC0-301F-11D3-BF4B-00C04F79EFBC}") = "DailyDashboard.Api", "DailyDashboard.Api\DailyDashboard.Api.csproj", "{1716629D-AB2F-4B49-ADC0-15338FD896CF}"
EndProject
Global
	GlobalSection(SolutionConfigurationPlatforms) = preSolution
		Debug|Any CPU = Debug|Any CPU
		Debug|x64 = Debug|x64
		Debug|x86 = Debug|x86
		Release|Any CPU = Release|Any CPU
		Release|x64 = Release|x64
		Release|x86 = Release|x86
	EndGlobalSection
	GlobalSection(ProjectConfigurationPlatforms) = postSolution
		{C3BEC451-7F3F-452D-9C4E-A3FC40AD843E}.Debug|Any CPU.ActiveCfg = Debug|Any CPU
		{C3BEC451-7F3F-452D-9C4E-A3FC40AD843E}.Debug|Any CPU.Build.0 = Debug|Any CPU
		{C3BEC451-7F3F-452D-9C4E-A3FC40AD843E}.Debug|x64.ActiveCfg = Debug|Any CPU
		{C3BEC451-7F3F-452D-9C4E-A3FC40AD843E}.Debug|x64.Build.0 = Debug|Any CPU
		{C3BEC451-7F3F-452D-9C4E-A3FC40AD843E}.Debug|x86.ActiveCfg = Debug|Any CPU
		{C3BEC451-7F3F-452D-9C4E-A3FC40AD843E}.Debug|x86.Build.0 = Debug|Any CPU
		{C3BEC451-7F3F-452D-9C4E-A3FC40AD843E}.Release|Any CPU.ActiveCfg = Release|Any CPU
		{C3BEC451-7F3F-452D-9C4E-A3FC40AD843E}.Release|Any CPU.Build.0 = Release|Any CPU
		{C3BEC451-7F3F-452D-9C4E-A3FC40AD843E}.Release|x64.ActiveCfg = Release|Any CPU
		{C3BEC451-7F3F-452D-9C4E-A3FC40AD843E}.Release|x64.Build.0 = Release|Any CPU
		{C3BEC451-7F3F-452D-9C4E-A3FC40AD843E}.Release|x86.ActiveCfg = Release|Any CPU
		{C3BEC451-7F3F-452D-9C4E-A3FC40AD843E}.Release|x86.Build.0 = Release|Any CPU
		{92795F31-D588-4BA6-913D-048C749A77CA}.Debug|Any CPU.ActiveCfg = Debug|Any CPU
		{92795F31-D588-4BA6-913D-048C749A77CA}.Debug|Any CPU.Build.0 = Debug|Any CPU
		{92795F31-D588-4BA6-913D-048C749A77CA}.Debug|x64.ActiveCfg = Debug|Any CPU
		{92795F31-D588-4BA6-913D-048C749A77CA}.Debug|x64.Build.0 = Debug|Any CPU
		{92795F31-D588-4BA6-913D-048C749A77CA}.Debug|x86.ActiveCfg = Debug|Any CPU
		{92795F31-D588-4BA6-913D-048C749A77CA}.Debug|x86.Build.0 = Debug|Any CPU
		{92795F31-D588-4BA6-913D-048C749A77CA}.Release|Any CPU.ActiveCfg = Release|Any CPU
		{92795F31-D588-4BA6-913D-048C749A77CA}.Release|Any CPU.Build.0 = Release|Any CPU
		{92795F31-D588-4BA6-913D-048C749A77CA}.Release|x64.ActiveCfg = Release|Any CPU
		{92795F31-D588-4BA6-913D-048C749A77CA}.Release|x64.Build.0 = Release|Any CPU
		{92795F31-D588-4BA6-913D-048C749A77CA}.Release|x86.ActiveCfg = Release|Any CPU
		{92795F31-D588-4BA6-913D-048C749A77CA}.Release|x86.Build.0 = Release|Any CPU
		{6E69B352-FFB9-4D85-9588-E7854A088A1F}.Debug|Any CPU.ActiveCfg = Debug|Any CPU
		{6E69B352-FFB9-4D85-9588-E7854A088A1F}.Debug|Any CPU.Build.0 = Debug|Any CPU
		{6E69B352-FFB9-4D85-9588-E7854A088A1F}.Debug|x64.ActiveCfg = Debug|Any CPU
		{6E69B352-FFB9-4D85-9588-E7854A088A1F}.Debug|x64.Build.0 = Debug|Any CPU
		{6E69B352-FFB9-4D85-9588-E7854A088A1F}.Debug|x86.ActiveCfg = Debug|Any CPU
		{6E69B352-FFB9-4D85-9588-E7854A088A1F}.Debug|x86.Build.0 = Debug|Any CPU
		{6E69B352-FFB9-4D85-9588-E7854A088A1F}.Release|Any CPU.ActiveCfg = Release|Any CPU
		{6E69B352-FFB9-4D85-9588-E7854A088A1F}.Release|Any CPU.Build.0 = Release|Any CPU
		{6E69B352-FFB9-4D85-9588-E7854A088A1F}.Release|x64.ActiveCfg = Release|Any CPU
		{6E69B352-FFB9-4D85-9588-E7854A088A1F}.Release|x64.Build.0 = Release|Any CPU
		{6E69B352-FFB9-4D85-9588-E7854A088A1F}.Release|x86.ActiveCfg = Release|Any CPU
		{6E69B352-FFB9-4D85-9588-E7854A088A1F}.Release|x86.Build.0 = Release|Any CPU
		{1716629D-AB2F-4B49-ADC0-15338FD896CF}.Debug|Any CPU.ActiveCfg = Debug|Any CPU
		{1716629D-AB2F-4B49-ADC0-15338FD896CF}.Debug|Any CPU.Build.0 = Debug|Any CPU
		{1716629D-AB2F-4B49-ADC0-15338FD896CF}.Debug|x64.ActiveCfg = Debug|Any CPU
		{1716629D-AB2F-4B49-ADC0-15338FD896CF}.Debug|x64.Build.0 = Debug|Any CPU
		{1716629D-AB2F-4B49-ADC0-15338FD896CF}.Debug|x86.ActiveCfg = Debug|Any CPU
		{1716629D-AB2F-4B49-ADC0-15338FD896CF}.Debug|x86.Build.0 = Debug|Any CPU
		{1716629D-AB2F-4B49-ADC0-15338FD896CF}.Release|Any CPU.ActiveCfg = Release|Any CPU
		{1716629D-AB2F-4B49-ADC0-15338FD896CF}.Release|Any CPU.Build.0 = Release|Any CPU
		{1716629D-AB2F-4B49-ADC0-15338FD896CF}.Release|x64.ActiveCfg = Release|Any CPU
		{1716629D-AB2F-4B49-ADC0-15338FD896CF}.Release|x64.Build.0 = Release|Any CPU
		{1716629D-AB2F-4B49-ADC0-15338FD896CF}.Release|x86.ActiveCfg = Release|Any CPU
		{1716629D-AB2F-4B49-ADC0-15338FD896CF}.Release|x86.Build.0 = Release|Any CPU
	EndGlobalSection
	GlobalSection(SolutionProperties) = preSolution
		HideSolutionNode = FALSE
	EndGlobalSection
EndGlobal
